
Microsoft Visual Studio Solution File, Format Version 12.00
# Visual Studio Version 16
VisualStudioVersion = 16.0.29613.14
MinimumVisualStudioVersion = 10.0.40219.1
Project("{FAE04EC0-301F-11D3-BF4B-00C04F79EFBC}") = "Rdppractice4", "Rdppractice4\Rdppractice4.csproj", "{712023FD-E6ED-4217-96E4-D7ECC2509068}"
EndProject
Global
	GlobalSection(SolutionConfigurationPlatforms) = preSolution
		Debug|Any CPU = Debug|Any CPU
		Release|Any CPU = Release|Any CPU
	EndGlobalSection
	GlobalSection(ProjectConfigurationPlatforms) = postSolution
		{712023FD-E6ED-4217-96E4-D7ECC2509068}.Debug|Any CPU.ActiveCfg = Debug|Any CPU
		{712023FD-E6ED-4217-96E4-D7ECC2509068}.Debug|Any CPU.Build.0 = Debug|Any CPU
		{712023FD-E6ED-4217-96E4-D7ECC2509068}.Release|Any CPU.ActiveCfg = Release|Any CPU
		{712023FD-E6ED-4217-96E4-D7ECC2509068}.Release|Any CPU.Build.0 = Release|Any CPU
	EndGlobalSection
	GlobalSection(SolutionProperties) = preSolution
		HideSolutionNode = FALSE
	EndGlobalSection
	GlobalSection(ExtensibilityGlobals) = postSolution
		SolutionGuid = {CF6A1CE2-48F4-49B0-BA2D-2A5239134439}
	EndGlobalSection
EndGlobal
